{
  "name": "@sonicoriginalsoftware/the-solution",
  "version": "0.0.1",
  "lockfileVersion": 1,
  "requires": true,
  "dependencies": {
    "@sonicoriginalsoftware/fetcher": {
      "version": "file:../../fetcher",
      "dev": true,
      "dependencies": {
        "@sonicoriginalsoftware/jester": {
          "version": "0.2.6",
          "resolved": "https://registry.npmjs.org/@sonicoriginalsoftware/jester/-/jester-0.2.6.tgz",
          "integrity": "sha512-dIxdnuQ6bcVBcyGzWUv0u/m/UXodD7WkMPBOg1giyT1FSeS9RP8JYjPRNu3IdA+eN1oHRVhKmvlLouDM4OnS6w=="
        },
        "@types/node": {
          "version": "14.14.21",
          "resolved": "https://registry.npmjs.org/@types/node/-/node-14.14.21.tgz",
          "integrity": "sha512-cHYfKsnwllYhjOzuC5q1VpguABBeecUp24yFluHpn/BQaVxB1CuQ1FSRZCzrPxrkIfWISXV2LbeoBthLWg0+0A=="
        }
      }
    },
    "@sonicoriginalsoftware/jester": {
      "version": "0.2.6",
      "resolved": "https://registry.npmjs.org/@sonicoriginalsoftware/jester/-/jester-0.2.6.tgz",
      "integrity": "sha512-dIxdnuQ6bcVBcyGzWUv0u/m/UXodD7WkMPBOg1giyT1FSeS9RP8JYjPRNu3IdA+eN1oHRVhKmvlLouDM4OnS6w==",
      "dev": true
    },
    "@sonicoriginalsoftware/rest-api-server": {
      "version": "file:../../rest-api-server",
      "dev": true,
      "dependencies": {
        "@sonicoriginalsoftware/fetcher": {
          "version": "0.1.3",
          "resolved": "https://registry.npmjs.org/@sonicoriginalsoftware/fetcher/-/fetcher-0.1.3.tgz",
          "integrity": "sha512-+Dtmh/kIg4AAVmbG8s3MjwutjGi/mEl1ZVbQJowkHW6CO229nRc+rT7Zn0DzmFI3Aqz03Dc6WS/TNo9Nt7ivww=="
        },
        "@sonicoriginalsoftware/jester": {
          "version": "0.2.6",
          "resolved": "https://registry.npmjs.org/@sonicoriginalsoftware/jester/-/jester-0.2.6.tgz",
          "integrity": "sha512-dIxdnuQ6bcVBcyGzWUv0u/m/UXodD7WkMPBOg1giyT1FSeS9RP8JYjPRNu3IdA+eN1oHRVhKmvlLouDM4OnS6w=="
        },
        "@types/node": {
          "version": "14.14.21",
          "resolved": "https://registry.npmjs.org/@types/node/-/node-14.14.21.tgz",
          "integrity": "sha512-cHYfKsnwllYhjOzuC5q1VpguABBeecUp24yFluHpn/BQaVxB1CuQ1FSRZCzrPxrkIfWISXV2LbeoBthLWg0+0A=="
        }
      }
    },
    "@types/node": {
      "version": "14.14.21",
      "resolved": "https://registry.npmjs.org/@types/node/-/node-14.14.21.tgz",
      "integrity": "sha512-cHYfKsnwllYhjOzuC5q1VpguABBeecUp24yFluHpn/BQaVxB1CuQ1FSRZCzrPxrkIfWISXV2LbeoBthLWg0+0A==",
      "dev": true
    }
  }
}
